// !$*UTF8*$!
{
	archiveVersion = 1;
	classes = {
	};
	objectVersion = 46;
	objects = {

/* Begin PBXBuildFile section */
		F44B8DA518C5840700128215 /* UIKit.framework in Frameworks */ = {isa = PBXBuildFile; fileRef = F44B8DA418C5840700128215 /* UIKit.framework */; };
		F44B8DA718C5840700128215 /* Foundation.framework in Frameworks */ = {isa = PBXBuildFile; fileRef = F44B8DA618C5840700128215 /* Foundation.framework */; };
		F44B8DA918C5840700128215 /* CoreGraphics.framework in Frameworks */ = {isa = PBXBuildFile; fileRef = F44B8DA818C5840700128215 /* CoreGraphics.framework */; };
		F44B8DAF18C5840700128215 /* InfoPlist.strings in Resources */ = {isa = PBXBuildFile; fileRef = F44B8DAD18C5840700128215 /* InfoPlist.strings */; };
		F44B8DB118C5840700128215 /* main.m in Sources */ = {isa = PBXBuildFile; fileRef = F44B8DB018C5840700128215 /* main.m */; };
		F44B8DB518C5840700128215 /* AppDelegate.m in Sources */ = {isa = PBXBuildFile; fileRef = F44B8DB418C5840700128215 /* AppDelegate.m */; };
		F44B8DB718C5840700128215 /* Default.png in Resources */ = {isa = PBXBuildFile; fileRef = F44B8DB618C5840700128215 /* Default.png */; };
		F44B8DB918C5840700128215 /* Default@2x.png in Resources */ = {isa = PBXBuildFile; fileRef = F44B8DB818C5840700128215 /* Default@2x.png */; };
		F44B8DBB18C5840700128215 /* Default-568h@2x.png in Resources */ = {isa = PBXBuildFile; fileRef = F44B8DBA18C5840700128215 /* Default-568h@2x.png */; };
		F44B8DC218C5908300128215 /* Controller.xib in Resources */ = {isa = PBXBuildFile; fileRef = F44B8DC118C5908300128215 /* Controller.xib */; };
		F44B8DC518C590BF00128215 /* MyViewController.m in Sources */ = {isa = PBXBuildFile; fileRef = F44B8DC418C590BF00128215 /* MyViewController.m */; };
		F44B8DC718C5935800128215 /* MyViewController.xib in Resources */ = {isa = PBXBuildFile; fileRef = F44B8DC618C5935800128215 /* MyViewController.xib */; };
/* End PBXBuildFile section */

/* Begin PBXFileReference section */
		F44B8DA118C5840700128215 /* UIViewControllerTest.app */ = {isa = PBXFileReference; explicitFileType = wrapper.application; includeInIndex = 0; path = UIViewControllerTest.app; sourceTree = BUILT_PRODUCTS_DIR; };
		F44B8DA418C5840700128215 /* UIKit.framework */ = {isa = PBXFileReference; lastKnownFileType = wrapper.framework; name = UIKit.framework; path = System/Library/Frameworks/UIKit.framework; sourceTree = SDKROOT; };
		F44B8DA618C5840700128215 /* Foundation.framework */ = {isa = PBXFileReference; lastKnownFileType = wrapper.framework; name = Foundation.framework; path = System/Library/Frameworks/Foundation.framework; sourceTree = SDKROOT; };
		F44B8DA818C5840700128215 /* CoreGraphics.framework */ = {isa = PBXFileReference; lastKnownFileType = wrapper.framework; name = CoreGraphics.framework; path = System/Library/Frameworks/CoreGraphics.framework; sourceTree = SDKROOT; };
		F44B8DAC18C5840700128215 /* UIViewControllerTest-Info.plist */ = {isa = PBXFileReference; lastKnownFileType = text.plist.xml; path = "UIViewControllerTest-Info.plist"; sourceTree = "<group>"; };
		F44B8DAE18C5840700128215 /* en */ = {isa = PBXFileReference; lastKnownFileType = text.plist.strings; name = en; path = en.lproj/InfoPlist.strings; sourceTree = "<group>"; };
		F44B8DB018C5840700128215 /* main.m */ = {isa = PBXFileReference; lastKnownFileType = sourcecode.c.objc; path = main.m; sourceTree = "<group>"; };
		F44B8DB218C5840700128215 /* UIViewControllerTest-Prefix.pch */ = {isa = PBXFileReference; lastKnownFileType = sourcecode.c.h; path = "UIViewControllerTest-Prefix.pch"; sourceTree = "<group>"; };
		F44B8DB318C5840700128215 /* AppDelegate.h */ = {isa = PBXFileReference; lastKnownFileType = sourcecode.c.h; path = AppDelegate.h; sourceTree = "<group>"; };
		F44B8DB418C5840700128215 /* AppDelegate.m */ = {isa = PBXFileReference; lastKnownFileType = sourcecode.c.objc; path = AppDelegate.m; sourceTree = "<group>"; };
		F44B8DB618C5840700128215 /* Default.png */ = {isa = PBXFileReference; lastKnownFileType = image.png; path = Default.png; sourceTree = "<group>"; };
		F44B8DB818C5840700128215 /* Default@2x.png */ = {isa = PBXFileReference; lastKnownFileType = image.png; path = "Default@2x.png"; sourceTree = "<group>"; };
		F44B8DBA18C5840700128215 /* Default-568h@2x.png */ = {isa = PBXFileReference; lastKnownFileType = image.png; path = "Default-568h@2x.png"; sourceTree = "<group>"; };
		F44B8DC118C5908300128215 /* Controller.xib */ = {isa = PBXFileReference; fileEncoding = 4; lastKnownFileType = file.xib; path = Controller.xib; sourceTree = "<group>"; };
		F44B8DC318C590BF00128215 /* MyViewController.h */ = {isa = PBXFileReference; fileEncoding = 4; lastKnownFileType = sourcecode.c.h; path = MyViewController.h; sourceTree = "<group>"; };
		F44B8DC418C590BF00128215 /* MyViewController.m */ = {isa = PBXFileReference; fileEncoding = 4; lastKnownFileType = sourcecode.c.objc; path = MyViewController.m; sourceTree = "<group>"; };
		F44B8DC618C5935800128215 /* MyViewController.xib */ = {isa = PBXFileReference; fileEncoding = 4; lastKnownFileType = file.xib; path = MyViewController.xib; sourceTree = "<group>"; };
/* End PBXFileReference section */

/* Begin PBXFrameworksBuildPhase section */
		F44B8D9E18C5840700128215 /* Frameworks */ = {
			isa = PBXFrameworksBuildPhase;
			buildActionMask = 2147483647;
			files = (
				F44B8DA518C5840700128215 /* UIKit.framework in Frameworks */,
				F44B8DA718C5840700128215 /* Foundation.framework in Frameworks */,
				F44B8DA918C5840700128215 /* CoreGraphics.framework in Frameworks */,
			);
			runOnlyForDeploymentPostprocessing = 0;
		};
/* End PBXFrameworksBuildPhase section */

/* Begin PBXGroup section */
		F44B8D9818C5840700128215 = {
			isa = PBXGroup;
			children = (
				F44B8DAA18C5840700128215 /* UIViewControllerTest */,
				F44B8DA318C5840700128215 /* Frameworks */,
				F44B8DA218C5840700128215 /* Products */,
			);
			sourceTree = "<group>";
		};
		F44B8DA218C5840700128215 /* Products */ = {
			isa = PBXGroup;
			children = (
				F44B8DA118C5840700128215 /* UIViewControllerTest.app */,
			);
			name = Products;
			sourceTree = "<group>";
		};
		F44B8DA318C5840700128215 /* Frameworks */ = {
			isa = PBXGroup;
			children = (
				F44B8DA418C5840700128215 /* UIKit.framework */,
				F44B8DA618C5840700128215 /* Foundation.framework */,
				F44B8DA818C5840700128215 /* CoreGraphics.framework */,
			);
			name = Frameworks;
			sourceTree = "<group>";
		};
		F44B8DAA18C5840700128215 /* UIViewControllerTest */ = {
			isa = PBXGroup;
			children = (
				F44B8DC118C5908300128215 /* Controller.xib */,
				F44B8DC618C5935800128215 /* MyViewController.xib */,
				F44B8DC318C590BF00128215 /* MyViewController.h */,
				F44B8DC418C590BF00128215 /* MyViewController.m */,
				F44B8DB318C5840700128215 /* AppDelegate.h */,
				F44B8DB418C5840700128215 /* AppDelegate.m */,
				F44B8DAB18C5840700128215 /* Supporting Files */,
			);
			path = UIViewControllerTest;
			sourceTree = "<group>";
		};
		F44B8DAB18C5840700128215 /* Supporting Files */ = {
			isa = PBXGroup;
			children = (
				F44B8DAC18C5840700128215 /* UIViewControllerTest-Info.plist */,
				F44B8DAD18C5840700128215 /* InfoPlist.strings */,
				F44B8DB018C5840700128215 /* main.m */,
				F44B8DB218C5840700128215 /* UIViewControllerTest-Prefix.pch */,
				F44B8DB618C5840700128215 /* Default.png */,
				F44B8DB818C5840700128215 /* Default@2x.png */,
				F44B8DBA18C5840700128215 /* Default-568h@2x.png */,
			);
			name = "Supporting Files";
			sourceTree = "<group>";
		};
/* End PBXGroup section */

/* Begin PBXNativeTarget section */
		F44B8DA018C5840700128215 /* UIViewControllerTest */ = {
			isa = PBXNativeTarget;
			buildConfigurationList = F44B8DBE18C5840700128215 /* Build configuration list for PBXNativeTarget "UIViewControllerTest" */;
			buildPhases = (
				F44B8D9D18C5840700128215 /* Sources */,
				F44B8D9E18C5840700128215 /* Frameworks */,
				F44B8D9F18C5840700128215 /* Resources */,
			);
			buildRules = (
			);
			dependencies = (
			);
			name = UIViewControllerTest;
			productName = UIViewControllerTest;
			productReference = F44B8DA118C5840700128215 /* UIViewControllerTest.app */;
			productType = "com.apple.product-type.application";
		};
/* End PBXNativeTarget section */

/* Begin PBXProject section */
		F44B8D9918C5840700128215 /* Project object */ = {
			isa = PBXProject;
			attributes = {
				LastUpgradeCheck = 0460;
				ORGANIZATIONNAME = sunlight.wisdom;
			};
			buildConfigurationList = F44B8D9C18C5840700128215 /* Build configuration list for PBXProject "UIViewControllerTest" */;
			compatibilityVersion = "Xcode 3.2";
			developmentRegion = English;
			hasScannedForEncodings = 0;
			knownRegions = (
				en,
			);
			mainGroup = F44B8D9818C5840700128215;
			productRefGroup = F44B8DA218C5840700128215 /* Products */;
			projectDirPath = "";
			projectRoot = "";
			targets = (
				F44B8DA018C5840700128215 /* UIViewControllerTest */,
			);
		};
/* End PBXProject section */

/* Begin PBXResourcesBuildPhase section */
		F44B8D9F18C5840700128215 /* Resources */ = {
			isa = PBXResourcesBuildPhase;
			buildActionMask = 2147483647;
			files = (
				F44B8DAF18C5840700128215 /* InfoPlist.strings in Resources */,
				F44B8DB718C5840700128215 /* Default.png in Resources */,
				F44B8DB918C5840700128215 /* Default@2x.png in Resources */,
				F44B8DBB18C5840700128215 /* Default-568h@2x.png in Resources */,
				F44B8DC218C5908300128215 /* Controller.xib in Resources */,
				F44B8DC718C5935800128215 /* MyViewController.xib in Resources */,
			);
			runOnlyForDeploymentPostprocessing = 0;
		};
/* End PBXResourcesBuildPhase section */

/* Begin PBXSourcesBuildPhase section */
		F44B8D9D18C5840700128215 /* Sources */ = {
			isa = PBXSourcesBuildPhase;
			buildActionMask = 2147483647;
			files = (
				F44B8DB118C5840700128215 /* main.m in Sources */,
				F44B8DB518C5840700128215 /* AppDelegate.m in Sources */,
				F44B8DC518C590BF00128215 /* MyViewController.m in Sources */,
			);
			runOnlyForDeploymentPostprocessing = 0;
		};
/* End PBXSourcesBuildPhase section */

/* Begin PBXVariantGroup section */
		F44B8DAD18C5840700128215 /* InfoPlist.strings */ = {
			isa = PBXVariantGroup;
			children = (
				F44B8DAE18C5840700128215 /* en */,
			);
			name = InfoPlist.strings;
			sourceTree = "<group>";
		};
/* End PBXVariantGroup section */

/* Begin XCBuildConfiguration section */
		F44B8DBC18C5840700128215 /* Debug */ = {
			isa = XCBuildConfiguration;
			buildSettings = {
				ALWAYS_SEARCH_USER_PATHS = NO;
				CLANG_CXX_LANGUAGE_STANDARD = "gnu++0x";
				CLANG_CXX_LIBRARY = "libc++";
				CLANG_WARN_CONSTANT_CONVERSION = YES;
				CLANG_WARN_EMPTY_BODY = YES;
				CLANG_WARN_ENUM_CONVERSION = YES;
				CLANG_WARN_INT_CONVERSION = YES;
				CLANG_WARN__DUPLICATE_METHOD_MATCH = YES;
				"CODE_SIGN_IDENTITY[sdk=iphoneos*]" = "iPhone Developer";
				COPY_PHASE_STRIP = NO;
				GCC_C_LANGUAGE_STANDARD = gnu99;
				GCC_DYNAMIC_NO_PIC = NO;
				GCC_OPTIMIZATION_LEVEL = 0;
				GCC_PREPROCESSOR_DEFINITIONS = (
					"DEBUG=1",
					"$(inherited)",
				);
				GCC_SYMBOLS_PRIVATE_EXTERN = NO;
				GCC_WARN_ABOUT_RETURN_TYPE = YES;
				GCC_WARN_UNINITIALIZED_AUTOS = YES;
				GCC_WARN_UNUSED_VARIABLE = YES;
				IPHONEOS_DEPLOYMENT_TARGET = 6.1;
				ONLY_ACTIVE_ARCH = YES;
				SDKROOT = iphoneos;
			};
			name = Debug;
		};
		F44B8DBD18C5840700128215 /* Release */ = {
			isa = XCBuildConfiguration;
			buildSettings = {
				ALWAYS_SEARCH_USER_PATHS = NO;
				CLANG_CXX_LANGUAGE_STANDARD = "gnu++0x";
				CLANG_CXX_LIBRARY = "libc++";
				CLANG_WARN_CONSTANT_CONVERSION = YES;
				CLANG_WARN_EMPTY_BODY = YES;
				CLANG_WARN_ENUM_CONVERSION = YES;
				CLANG_WARN_INT_CONVERSION = YES;
				CLANG_WARN__DUPLICATE_METHOD_MATCH = YES;
				"CODE_SIGN_IDENTITY[sdk=iphoneos*]" = "iPhone Developer";
				COPY_PHASE_STRIP = YES;
				GCC_C_LANGUAGE_STANDARD = gnu99;
				GCC_WARN_ABOUT_RETURN_TYPE = YES;
				GCC_WARN_UNINITIALIZED_AUTOS = YES;
				GCC_WARN_UNUSED_VARIABLE = YES;
				IPHONEOS_DEPLOYMENT_TARGET = 6.1;
				OTHER_CFLAGS = "-DNS_BLOCK_ASSERTIONS=1";
				SDKROOT = iphoneos;
				VALIDATE_PRODUCT = YES;
			};
			name = Release;
		};
		F44B8DBF18C5840700128215 /* Debug */ = {
			isa = XCBuildConfiguration;
			buildSettings = {
				GCC_PRECOMPILE_PREFIX_HEADER = YES;
				GCC_PREFIX_HEADER = "UIViewControllerTest/UIViewControllerTest-Prefix.pch";
				INFOPLIST_FILE = "UIViewControllerTest/UIViewControllerTest-Info.plist";
				PRODUCT_NAME = "$(TARGET_NAME)";
				WRAPPER_EXTENSION = app;
			};
			name = Debug;
		};
		F44B8DC018C5840700128215 /* Release */ = {
			isa = XCBuildConfiguration;
			buildSettings = {
				GCC_PRECOMPILE_PREFIX_HEADER = YES;
				GCC_PREFIX_HEADER = "UIViewControllerTest/UIViewControllerTest-Prefix.pch";
				INFOPLIST_FILE = "UIViewControllerTest/UIViewControllerTest-Info.plist";
				PRODUCT_NAME = "$(TARGET_NAME)";
				WRAPPER_EXTENSION = app;
			};
			name = Release;
		};
/* End XCBuildConfiguration section */

/* Begin XCConfigurationList section */
		F44B8D9C18C5840700128215 /* Build configuration list for PBXProject "UIViewControllerTest" */ = {
			isa = XCConfigurationList;
			buildConfigurations = (
				F44B8DBC18C5840700128215 /* Debug */,
				F44B8DBD18C5840700128215 /* Release */,
			);
			defaultConfigurationIsVisible = 0;
			defaultConfigurationName = Release;
		};
		F44B8DBE18C5840700128215 /* Build configuration list for PBXNativeTarget "UIViewControllerTest" */ = {
			isa = XCConfigurationList;
			buildConfigurations = (
				F44B8DBF18C5840700128215 /* Debug */,
				F44B8DC018C5840700128215 /* Release */,
			);
			defaultConfigurationIsVisible = 0;
		};
/* End XCConfigurationList section */
	};
	rootObject = F44B8D9918C5840700128215 /* Project object */;
}
